{
  "name": "get-user-workout-prompts",
  "version": "1.0.0",
  "lockfileVersion": 2,
  "requires": true,
  "packages": {
    "": {
      "name": "get-user-workout-prompts",
      "version": "1.0.0",
      "license": "ISC",
      "devDependencies": {
        "@aws-sdk/util-dynamodb": "^3.359.0"
      }
    },
    "node_modules/@aws-sdk/util-dynamodb": {
      "version": "3.359.0",
      "resolved": "https://registry.npmjs.org/@aws-sdk/util-dynamodb/-/util-dynamodb-3.359.0.tgz",
      "integrity": "sha512-Mrx+fFJToYT37AUApxJ1wE8EiMdxcMK4x/vXndok/8ISt37jdm1P0At8ahRHas+UABTKcP7X44qU2BcObDrTxg==",
      "dev": true,
      "dependencies": {
        "tslib": "^2.5.0"
      },
      "engines": {
        "node": ">=14.0.0"
      }
    },
    "node_modules/tslib": {
      "version": "2.5.3",
      "resolved": "https://registry.npmjs.org/tslib/-/tslib-2.5.3.tgz",
      "integrity": "sha512-mSxlJJwl3BMEQCUNnxXBU9jP4JBktcEGhURcPR6VQVlnP0FdDEsIaz0C35dXNGLyRfrATNofF0F5p2KPxQgB+w==",
      "dev": true
    }
  },
  "dependencies": {
    "@aws-sdk/util-dynamodb": {
      "version": "3.359.0",
      "resolved": "https://registry.npmjs.org/@aws-sdk/util-dynamodb/-/util-dynamodb-3.359.0.tgz",
      "integrity": "sha512-Mrx+fFJToYT37AUApxJ1wE8EiMdxcMK4x/vXndok/8ISt37jdm1P0At8ahRHas+UABTKcP7X44qU2BcObDrTxg==",
      "dev": true,
      "requires": {
        "tslib": "^2.5.0"
      }
    },
    "tslib": {
      "version": "2.5.3",
      "resolved": "https://registry.npmjs.org/tslib/-/tslib-2.5.3.tgz",
      "integrity": "sha512-mSxlJJwl3BMEQCUNnxXBU9jP4JBktcEGhURcPR6VQVlnP0FdDEsIaz0C35dXNGLyRfrATNofF0F5p2KPxQgB+w==",
      "dev": true
    }
  }
}
