{
  "name": "unmarshall-item",
  "version": "1.0.0",
  "lockfileVersion": 2,
  "requires": true,
  "packages": {
    "": {
      "name": "unmarshall-item",
      "version": "1.0.0",
      "license": "ISC",
      "devDependencies": {
        "@aws-sdk/util-dynamodb": "^3.363.0"
      }
    },
    "node_modules/@aws-sdk/util-dynamodb": {
      "version": "3.363.0",
      "resolved": "https://registry.npmjs.org/@aws-sdk/util-dynamodb/-/util-dynamodb-3.363.0.tgz",
      "integrity": "sha512-zzY2PnNFxqJYIrbd/C2VMWhPMWP+XQG4C/V/yEfU2LY+HNAZ0aJPUwvXnMJTumZjcfYr+20qRiowsw8dnXEVgA==",
      "dev": true,
      "dependencies": {
        "tslib": "^2.5.0"
      },
      "engines": {
        "node": ">=14.0.0"
      }
    },
    "node_modules/tslib": {
      "version": "2.6.0",
      "resolved": "https://registry.npmjs.org/tslib/-/tslib-2.6.0.tgz",
      "integrity": "sha512-7At1WUettjcSRHXCyYtTselblcHl9PJFFVKiCAy/bY97+BPZXSQ2wbq0P9s8tK2G7dFQfNnlJnPAiArVBVBsfA==",
      "dev": true
    }
  },
  "dependencies": {
    "@aws-sdk/util-dynamodb": {
      "version": "3.363.0",
      "resolved": "https://registry.npmjs.org/@aws-sdk/util-dynamodb/-/util-dynamodb-3.363.0.tgz",
      "integrity": "sha512-zzY2PnNFxqJYIrbd/C2VMWhPMWP+XQG4C/V/yEfU2LY+HNAZ0aJPUwvXnMJTumZjcfYr+20qRiowsw8dnXEVgA==",
      "dev": true,
      "requires": {
        "tslib": "^2.5.0"
      }
    },
    "tslib": {
      "version": "2.6.0",
      "resolved": "https://registry.npmjs.org/tslib/-/tslib-2.6.0.tgz",
      "integrity": "sha512-7At1WUettjcSRHXCyYtTselblcHl9PJFFVKiCAy/bY97+BPZXSQ2wbq0P9s8tK2G7dFQfNnlJnPAiArVBVBsfA==",
      "dev": true
    }
  }
}
