{
  "name": "resolvers",
  "version": "1.0.0",
  "lockfileVersion": 2,
  "requires": true,
  "packages": {
    "": {
      "name": "resolvers",
      "version": "1.0.0",
      "license": "ISC",
      "devDependencies": {
        "@aws-appsync/utils": "^1.2.5"
      }
    },
    "node_modules/@aws-appsync/utils": {
      "version": "1.2.5",
      "resolved": "https://registry.npmjs.org/@aws-appsync/utils/-/utils-1.2.5.tgz",
      "integrity": "sha512-Ebr2vndynpBnILaAjDOPUGvznQCeNZLNroWqa7FZtNZ9G/+EyhguFcrmvtG96frH31Z/STYGm0EuZb2aZUkGiA==",
      "dev": true
    }
  },
  "dependencies": {
    "@aws-appsync/utils": {
      "version": "1.2.5",
      "resolved": "https://registry.npmjs.org/@aws-appsync/utils/-/utils-1.2.5.tgz",
      "integrity": "sha512-Ebr2vndynpBnILaAjDOPUGvznQCeNZLNroWqa7FZtNZ9G/+EyhguFcrmvtG96frH31Z/STYGm0EuZb2aZUkGiA==",
      "dev": true
    }
  }
}
